{
  "lockfileVersion": 1,
  "configVersion": 1,
  "workspaces": {
    "": {
      "name": "github-projects-service",
      "dependencies": {
        "@github/copilot-sdk": "1.0.13",
        "zod": "4.3.6",
      },
      "devDependencies": {
        "@types/bun": "1.3.14",
        "typescript": "5.9.3",
      },
    },
  },
  "packages": {
    "@github/copilot-sdk": ["@github/copilot-sdk@1.0.13", "", { "dependencies": { "koffi": "^3.1.0", "vscode-jsonrpc": "^8.2.1", "zod": "^4.3.6" }, "optionalDependencies": { "@github/copilot-sdk-darwin-arm64": "1.0.13", "@github/copilot-sdk-darwin-x64": "1.0.13", "@github/copilot-sdk-linux-arm64": "1.0.13", "@github/copilot-sdk-linux-x64": "1.0.13", "@github/copilot-sdk-linuxmusl-arm64": "1.0.13", "@github/copilot-sdk-linuxmusl-x64": "1.0.13", "@github/copilot-sdk-win32-arm64": "1.0.13", "@github/copilot-sdk-win32-x64": "1.0.13" } }, "sha512-/j6/tGc9HOtcupuYFloOKk0fpScdpy65EVF1LKg2Z2VQOojCGPgBGkhgVGVDaqW7UB6TV2qbQZa9rKJimJ0wWQ=="],

    "@github/copilot-sdk-darwin-arm64": ["@github/copilot-sdk-darwin-arm64@1.0.13", "", { "os": "darwin", "cpu": "arm64" }, "sha512-AvBV5dzjNWpGwgoCnttrETnt7rLI4pTFQsRSM7GU5TK+YqShauffdMU06Bn/d+IDX2fj1Z4ThH7yl/gHCDvoNQ=="],

    "@github/copilot-sdk-darwin-x64": ["@github/copilot-sdk-darwin-x64@1.0.13", "", { "os": "darwin", "cpu": "x64" }, "sha512-ZNQmTnHwk8bO/E514k0sFBsuCVNpFj8jMH4jeLncASQM4RRdOqYhXlYLW7H/ts7ANjdfMJjJY29NUqzEWaADOA=="],

    "@github/copilot-sdk-linux-arm64": ["@github/copilot-sdk-linux-arm64@1.0.13", "", { "os": "linux", "cpu": "arm64" }, "sha512-km1jvveDwlJbht8luFyBurz0wUxPHSzdkZRMJEJgVHYfMn03gi0gdnZ6fC6JWgkiffNZpukSxRPJmPfRobw6Aw=="],

    "@github/copilot-sdk-linux-x64": ["@github/copilot-sdk-linux-x64@1.0.13", "", { "os": "linux", "cpu": "x64" }, "sha512-4AbzC8Nb1dWYQ1uxbHGAh0ZAoOJeL3Ms1oe3byZLn8ENP1PfoyD8DJZUSsyXGYHxL7oLJyUqd3wyt18ifIg8iw=="],

    "@github/copilot-sdk-linuxmusl-arm64": ["@github/copilot-sdk-linuxmusl-arm64@1.0.13", "", { "os": "linux", "cpu": "arm64" }, "sha512-pCUjly1nXcNpYDZNnKrglFIFejbb+QDkloilldu+0tTbSzb8gEmVsbGwpfwyZXfNQf5Je5FFjsOfQR9PXH1NDQ=="],

    "@github/copilot-sdk-linuxmusl-x64": ["@github/copilot-sdk-linuxmusl-x64@1.0.13", "", { "os": "linux", "cpu": "x64" }, "sha512-y5RmqAbKSYHt+OwQdILIiiMSibXdd7/0kO7kFoTZCN2gn2eGRA8wJbXlf6KZh+yYgWSJGUL8677LDJd3WnIHbA=="],

    "@github/copilot-sdk-win32-arm64": ["@github/copilot-sdk-win32-arm64@1.0.13", "", { "os": "win32", "cpu": "arm64" }, "sha512-azISXh4pEVfX0hPzu58wZTYg3tdWG4L1nNpiRa/wdBxhcovbxw+eZVkI4C6FZMx0tiNYFkqWzVTV7oKskNybcw=="],

    "@github/copilot-sdk-win32-x64": ["@github/copilot-sdk-win32-x64@1.0.13", "", { "os": "win32", "cpu": "x64" }, "sha512-lvS7kMbuuxydBQxPDHCkuUwbC858Rvcz3Q3vv0mxnLKuWJ75lAcqERefqA2p4beaPdez+ifZOA5heUT0rx3GnA=="],

    "@koromix/koffi-android-arm64": ["@koromix/koffi-android-arm64@3.2.1", "", { "os": "android", "cpu": "arm64" }, "sha512-1pJQ4jnZlUJduK9u9DC5CGy3aOgDUPvIXpNb6syV3+Dh5Q/ugezAIGCqvY+w+1mgXsve0pd0NVvJRjdZNHQ6MA=="],

    "@koromix/koffi-android-x64": ["@koromix/koffi-android-x64@3.2.1", "", { "os": "android", "cpu": "x64" }, "sha512-HH40xGh3gVQifjOBnhwT2tECC0lL1lYe+nxHvWNSzxDIyQNcVPXg38ta7vuONRFpD+uIrw7fqGYLzbZIagkVcg=="],

    "@koromix/koffi-darwin-arm64": ["@koromix/koffi-darwin-arm64@3.2.1", "", { "os": "darwin", "cpu": "arm64" }, "sha512-Vj4h+xcjc5+Cn0DhPHjgRX4omKAv96Kehtcd+1YgYuY2W7FvQn9vS+3SmzVwhC5Qmg9bIwUZObYQ8T/4hBqQqA=="],

    "@koromix/koffi-darwin-x64": ["@koromix/koffi-darwin-x64@3.2.1", "", { "os": "darwin", "cpu": "x64" }, "sha512-gFCWxNBTZIvxo1p+PURWfsy2Ctj5FGnVVs1f03lTLhBvmxEto70pdIiFztdFLDFkAJ1pmtQmruRKapeK+E8YPA=="],

    "@koromix/koffi-freebsd-arm64": ["@koromix/koffi-freebsd-arm64@3.2.1", "", { "os": "freebsd", "cpu": "arm64" }, "sha512-qj+f1s2e6vULaUG1cdlTcCXmunCq2t+rjxku1+esaMIqVnHpOwj0QzPuInG0AFdXjwBNQhyVR/HpDj8daEwwsQ=="],

    "@koromix/koffi-freebsd-ia32": ["@koromix/koffi-freebsd-ia32@3.2.1", "", { "os": "freebsd", "cpu": "ia32" }, "sha512-6olHb1Qfgai0jjs6ddlDDD0ZfsCxy7SPi8rMRpuYQWH0qhgtyQu82hw5b1p7z+TJ0zZP3ZeQQ6l+U/MlM1ICHQ=="],

    "@koromix/koffi-freebsd-x64": ["@koromix/koffi-freebsd-x64@3.2.1", "", { "os": "freebsd", "cpu": "x64" }, "sha512-Dikhw1ySYNVMkmeFvFVjnU5Wdk6mffNoOjJxm9bTG96vg7OlemylxqdEven47R1YJ3yzNVJn/MlQ207ORWfi2w=="],

    "@koromix/koffi-linux-arm": ["@koromix/koffi-linux-arm@3.2.1", "", { "os": "linux", "cpu": "arm" }, "sha512-OfwUwZylidq95wQKp6ClInULrfB2giu7dqM6Rhe0zAe6lES5I2SXNw15T9+GnRHk3/9hKT2XZ37OZLaKSyWNLA=="],

    "@koromix/koffi-linux-arm64": ["@koromix/koffi-linux-arm64@3.2.1", "", { "os": "linux", "cpu": "arm64" }, "sha512-K+cGUL5iBcDqxmsocrjmlASqDf24gc7artbVW3PewG2c9AqwC63lezgwvB85Nx4lZAQjB6zIFHh9A7t1yGbwhw=="],

    "@koromix/koffi-linux-ia32": ["@koromix/koffi-linux-ia32@3.2.1", "", { "os": "linux", "cpu": "ia32" }, "sha512-rxj6UYjU1qd98gxNQOSCdLpc5cPRi5Giq9rNd3jnGuSNIyMkwa6Dxw4cUjmhIBCYESMJtmNt5NWnJp5u9wTfYQ=="],

    "@koromix/koffi-linux-loong64": ["@koromix/koffi-linux-loong64@3.2.1", "", { "os": "linux", "cpu": "none" }, "sha512-aHhnHzkPRmT/IHDlGvESJ/Bs32m8N6UE6Ab6kMeJzgk74IN8af2m/81/wZJtybR1M2UxCV4NmlVNUYQQvSAO3Q=="],

    "@koromix/koffi-linux-riscv64": ["@koromix/koffi-linux-riscv64@3.2.1", "", { "os": "linux", "cpu": "none" }, "sha512-qtQBsjbm3LiirLJvajWmKkNb7ARk7fvJVXdftJ7NtAnF3Xw8EbDvrtvmvtNI1yLPlYcBmlzCCD71hwhWYk0SIA=="],

    "@koromix/koffi-linux-x64": ["@koromix/koffi-linux-x64@3.2.1", "", { "os": "linux", "cpu": "x64" }, "sha512-c7hw7Qs/r5gnFRTQLcbifBwRU7wiocj+2pVuDQ5Ahb3r36SZmupmgYbTWcLvTW+hul1jd7SKRV0d14ZJq/tvSw=="],

    "@koromix/koffi-openbsd-ia32": ["@koromix/koffi-openbsd-ia32@3.2.1", "", { "os": "openbsd", "cpu": "ia32" }, "sha512-mmY8fY8LQ/CB52+h3yrMYmVyoxzW3x08S0yI6VNfHWdfU6yJtZkKCbhjmQCYMrWbYKC4gMvwZwCywIGPAkLyeA=="],

    "@koromix/koffi-openbsd-x64": ["@koromix/koffi-openbsd-x64@3.2.1", "", { "os": "openbsd", "cpu": "x64" }, "sha512-k4ig6aAPbFSRATOIIOfdf/KtlOGH4SVls6L9fy0QnTxRJYvY2oSltTsQtBDANgEQldlq8Kl5WnpRa1VSibP4Lw=="],

    "@koromix/koffi-win32-arm64": ["@koromix/koffi-win32-arm64@3.2.1", "", { "os": "win32", "cpu": "arm64" }, "sha512-cTWBJGK//pDMeKQJE/79Aq9MiOAF4H8QyLZHSQ9IWm8czOfwjG4J1AhsQ9DjI9KFOykH77hhnpmQTGVMIubGig=="],

    "@koromix/koffi-win32-ia32": ["@koromix/koffi-win32-ia32@3.2.1", "", { "os": "win32", "cpu": "ia32" }, "sha512-Z50EM6TAZ7CFyMmyX6thv8eNpJchqe9eenhibSIy2Eq/FQYF76gU2VK/LEoaF46L8hfC7TpTp9b10MvReHEyFA=="],

    "@koromix/koffi-win32-x64": ["@koromix/koffi-win32-x64@3.2.1", "", { "os": "win32", "cpu": "x64" }, "sha512-ZmZNiBO6bkOSh3QNzgfvb1cMY0yMobn6ZQrSMqbAce21qyYL8niIbyipz9N/PIRDciGhsV0wUxnZsxIO+yWsHQ=="],

    "@types/bun": ["@types/bun@1.3.14", "", { "dependencies": { "bun-types": "1.3.14" } }, "sha512-h1hFqFVcvAvD9j9K7ZW7vd82aSA+rTdznZa+5bwvCwqSB1jmmfLcbIWhOLx1/+boy/xmjgCs/OMUL8hRJSmnPw=="],

    "@types/node": ["@types/node@22.20.2", "", { "dependencies": { "undici-types": "~6.21.0" } }, "sha512-xlvWf4Vs9n1PEVYwP1n4vvG07M6y8WgvJ2t0vbrWTmijsIHp1cS+uJ2kMIRdY3nHZK0nCYKrPeD171+SzF4/zw=="],

    "bun-types": ["bun-types@1.3.14", "", { "dependencies": { "@types/node": "*" } }, "sha512-4N0ig0fEomHt5R0KCFWjovxow98rIoRwKolrYdCcknNwMekCXRnWEUvgu5soYV8QXtVsrUD8B95MBOZGPvr6KQ=="],

    "koffi": ["koffi@3.2.1", "", { "optionalDependencies": { "@koromix/koffi-android-arm64": "3.2.1", "@koromix/koffi-android-x64": "3.2.1", "@koromix/koffi-darwin-arm64": "3.2.1", "@koromix/koffi-darwin-x64": "3.2.1", "@koromix/koffi-freebsd-arm64": "3.2.1", "@koromix/koffi-freebsd-ia32": "3.2.1", "@koromix/koffi-freebsd-x64": "3.2.1", "@koromix/koffi-linux-arm": "3.2.1", "@koromix/koffi-linux-arm64": "3.2.1", "@koromix/koffi-linux-ia32": "3.2.1", "@koromix/koffi-linux-loong64": "3.2.1", "@koromix/koffi-linux-riscv64": "3.2.1", "@koromix/koffi-linux-x64": "3.2.1", "@koromix/koffi-openbsd-ia32": "3.2.1", "@koromix/koffi-openbsd-x64": "3.2.1", "@koromix/koffi-win32-arm64": "3.2.1", "@koromix/koffi-win32-ia32": "3.2.1", "@koromix/koffi-win32-x64": "3.2.1" } }, "sha512-0qE3lZ8jllRqPN4Ob6Ajl7c2bJSJDhQWuKLGP5hIEpHLllJWv1ydHFMhHmHc5p/W9GticKVDbYzZd7TBoQ4CZg=="],

    "typescript": ["typescript@5.9.3", "", { "bin": { "tsc": "bin/tsc", "tsserver": "bin/tsserver" } }, "sha512-jl1vZzPDinLr9eUt3J/t7V6FgNEw9QjvBPdysz9KfQDD41fQrC2Y4vKQdiaUpFT4bXlb1RHhLpp8wtm6M5TgSw=="],

    "undici-types": ["undici-types@6.21.0", "", {}, "sha512-iwDZqg0QAGrg9Rav5H4n0M64c3mkR59cJ6wQp+7C4nI0gsmExaedaYLNO44eT4AtBBwjbTiGPMlt2Md0T9H9JQ=="],

    "vscode-jsonrpc": ["vscode-jsonrpc@8.2.1", "", {}, "sha512-kdjOSJ2lLIn7r1rtrMbbNCHjyMPfRnowdKjBQ+mGq6NAW5QY2bEZC/khaC5OR8svbbjvLEaIXkOq45e2X9BIbQ=="],

    "zod": ["zod@4.3.6", "", {}, "sha512-rftlrkhHZOcjDwkGlnUtZZkvaPHCsDATp4pGpuOOMDaTdDDXF91wuVDJoWoPsKX/3YPQ5fHuF3STjcYyKr+Qhg=="],
  }
}
